// !$*UTF8*$!
{
	archiveVersion = 1;
	classes = {
	};
	objectVersion = 55;
	objects = {

/* Begin PBXBuildFile section */
		6E9393680EA0469263CAD40D /* Pods_HelloRxswift.framework in Frameworks */ = {isa = PBXBuildFile; fileRef = 4AA0D35DC5E21FE23CB5C1F4 /* Pods_HelloRxswift.framework */; };
		BB20372827C69D2500084496 /* PhotosCollectionViewController.swift in Sources */ = {isa = PBXBuildFile; fileRef = BB20372727C69D2500084496 /* PhotosCollectionViewController.swift */; };
		BB69ED2A27C69ACB00C8AF7C /* AppDelegate.swift in Sources */ = {isa = PBXBuildFile; fileRef = BB69ED2927C69ACB00C8AF7C /* AppDelegate.swift */; };
		BB69ED2C27C69ACB00C8AF7C /* SceneDelegate.swift in Sources */ = {isa = PBXBuildFile; fileRef = BB69ED2B27C69ACB00C8AF7C /* SceneDelegate.swift */; };
		BB69ED2E27C69ACB00C8AF7C /* ViewController.swift in Sources */ = {isa = PBXBuildFile; fileRef = BB69ED2D27C69ACB00C8AF7C /* ViewController.swift */; };
		BB69ED3127C69ACB00C8AF7C /* Main.storyboard in Resources */ = {isa = PBXBuildFile; fileRef = BB69ED2F27C69ACB00C8AF7C /* Main.storyboard */; };
		BB69ED3327C69ACD00C8AF7C /* Assets.xcassets in Resources */ = {isa = PBXBuildFile; fileRef = BB69ED3227C69ACD00C8AF7C /* Assets.xcassets */; };
		BB69ED3627C69ACD00C8AF7C /* LaunchScreen.storyboard in Resources */ = {isa = PBXBuildFile; fileRef = BB69ED3427C69ACD00C8AF7C /* LaunchScreen.storyboard */; };
		BBC8AE0F27C6AC4600676A75 /* PhotoCollectionViewCell.swift in Sources */ = {isa = PBXBuildFile; fileRef = BBC8AE0E27C6AC4600676A75 /* PhotoCollectionViewCell.swift */; };
		BBC8AE1127C6FFB100676A75 /* FilterService.swift in Sources */ = {isa = PBXBuildFile; fileRef = BBC8AE1027C6FFB100676A75 /* FilterService.swift */; };
/* End PBXBuildFile section */

/* Begin PBXFileReference section */
		381281C7B5482DC61262535A /* Pods-HelloRxswift.release.xcconfig */ = {isa = PBXFileReference; includeInIndex = 1; lastKnownFileType = text.xcconfig; name = "Pods-HelloRxswift.release.xcconfig"; path = "Target Support Files/Pods-HelloRxswift/Pods-HelloRxswift.release.xcconfig"; sourceTree = "<group>"; };
		4AA0D35DC5E21FE23CB5C1F4 /* Pods_HelloRxswift.framework */ = {isa = PBXFileReference; explicitFileType = wrapper.framework; includeInIndex = 0; path = Pods_HelloRxswift.framework; sourceTree = BUILT_PRODUCTS_DIR; };
		A443A1D00E9720CB0B2C4D80 /* Pods-HelloRxswift.debug.xcconfig */ = {isa = PBXFileReference; includeInIndex = 1; lastKnownFileType = text.xcconfig; name = "Pods-HelloRxswift.debug.xcconfig"; path = "Target Support Files/Pods-HelloRxswift/Pods-HelloRxswift.debug.xcconfig"; sourceTree = "<group>"; };
		BB20372727C69D2500084496 /* PhotosCollectionViewController.swift */ = {isa = PBXFileReference; lastKnownFileType = sourcecode.swift; path = PhotosCollectionViewController.swift; sourceTree = "<group>"; };
		BB69ED2627C69ACB00C8AF7C /* HelloRxswift.app */ = {isa = PBXFileReference; explicitFileType = wrapper.application; includeInIndex = 0; path = HelloRxswift.app; sourceTree = BUILT_PRODUCTS_DIR; };
		BB69ED2927C69ACB00C8AF7C /* AppDelegate.swift */ = {isa = PBXFileReference; lastKnownFileType = sourcecode.swift; path = AppDelegate.swift; sourceTree = "<group>"; };
		BB69ED2B27C69ACB00C8AF7C /* SceneDelegate.swift */ = {isa = PBXFileReference; lastKnownFileType = sourcecode.swift; path = SceneDelegate.swift; sourceTree = "<group>"; };
		BB69ED2D27C69ACB00C8AF7C /* ViewController.swift */ = {isa = PBXFileReference; lastKnownFileType = sourcecode.swift; path = ViewController.swift; sourceTree = "<group>"; };
		BB69ED3027C69ACB00C8AF7C /* Base */ = {isa = PBXFileReference; lastKnownFileType = file.storyboard; name = Base; path = Base.lproj/Main.storyboard; sourceTree = "<group>"; };
		BB69ED3227C69ACD00C8AF7C /* Assets.xcassets */ = {isa = PBXFileReference; lastKnownFileType = folder.assetcatalog; path = Assets.xcassets; sourceTree = "<group>"; };
		BB69ED3527C69ACD00C8AF7C /* Base */ = {isa = PBXFileReference; lastKnownFileType = file.storyboard; name = Base; path = Base.lproj/LaunchScreen.storyboard; sourceTree = "<group>"; };
		BB69ED3727C69ACD00C8AF7C /* Info.plist */ = {isa = PBXFileReference; lastKnownFileType = text.plist.xml; path = Info.plist; sourceTree = "<group>"; };
		BBC8AE0E27C6AC4600676A75 /* PhotoCollectionViewCell.swift */ = {isa = PBXFileReference; lastKnownFileType = sourcecode.swift; path = PhotoCollectionViewCell.swift; sourceTree = "<group>"; };
		BBC8AE1027C6FFB100676A75 /* FilterService.swift */ = {isa = PBXFileReference; lastKnownFileType = sourcecode.swift; path = FilterService.swift; sourceTree = "<group>"; };
/* End PBXFileReference section */

/* Begin PBXFrameworksBuildPhase section */
		BB69ED2327C69ACB00C8AF7C /* Frameworks */ = {
			isa = PBXFrameworksBuildPhase;
			buildActionMask = 2147483647;
			files = (
				6E9393680EA0469263CAD40D /* Pods_HelloRxswift.framework in Frameworks */,
			);
			runOnlyForDeploymentPostprocessing = 0;
		};
/* End PBXFrameworksBuildPhase section */

/* Begin PBXGroup section */
		1AD91D4DB6DB18843299DA83 /* Frameworks */ = {
			isa = PBXGroup;
			children = (
				4AA0D35DC5E21FE23CB5C1F4 /* Pods_HelloRxswift.framework */,
			);
			name = Frameworks;
			sourceTree = "<group>";
		};
		BB69ED1D27C69ACB00C8AF7C = {
			isa = PBXGroup;
			children = (
				BB69ED2827C69ACB00C8AF7C /* HelloRxswift */,
				BB69ED2727C69ACB00C8AF7C /* Products */,
				D404892F5CF2D0D422856C91 /* Pods */,
				1AD91D4DB6DB18843299DA83 /* Frameworks */,
			);
			sourceTree = "<group>";
		};
		BB69ED2727C69ACB00C8AF7C /* Products */ = {
			isa = PBXGroup;
			children = (
				BB69ED2627C69ACB00C8AF7C /* HelloRxswift.app */,
			);
			name = Products;
			sourceTree = "<group>";
		};
		BB69ED2827C69ACB00C8AF7C /* HelloRxswift */ = {
			isa = PBXGroup;
			children = (
				BB69ED2927C69ACB00C8AF7C /* AppDelegate.swift */,
				BB20372727C69D2500084496 /* PhotosCollectionViewController.swift */,
				BBC8AE0E27C6AC4600676A75 /* PhotoCollectionViewCell.swift */,
				BBC8AE1027C6FFB100676A75 /* FilterService.swift */,
				BB69ED2B27C69ACB00C8AF7C /* SceneDelegate.swift */,
				BB69ED2D27C69ACB00C8AF7C /* ViewController.swift */,
				BB69ED2F27C69ACB00C8AF7C /* Main.storyboard */,
				BB69ED3227C69ACD00C8AF7C /* Assets.xcassets */,
				BB69ED3427C69ACD00C8AF7C /* LaunchScreen.storyboard */,
				BB69ED3727C69ACD00C8AF7C /* Info.plist */,
			);
			path = HelloRxswift;
			sourceTree = "<group>";
		};
		D404892F5CF2D0D422856C91 /* Pods */ = {
			isa = PBXGroup;
			children = (
				A443A1D00E9720CB0B2C4D80 /* Pods-HelloRxswift.debug.xcconfig */,
				381281C7B5482DC61262535A /* Pods-HelloRxswift.release.xcconfig */,
			);
			path = Pods;
			sourceTree = "<group>";
		};
/* End PBXGroup section */

/* Begin PBXNativeTarget section */
		BB69ED2527C69ACB00C8AF7C /* HelloRxswift */ = {
			isa = PBXNativeTarget;
			buildConfigurationList = BB69ED3A27C69ACD00C8AF7C /* Build configuration list for PBXNativeTarget "HelloRxswift" */;
			buildPhases = (
				7E357FF10C55D3D491DEFFC3 /* [CP] Check Pods Manifest.lock */,
				BB69ED2227C69ACB00C8AF7C /* Sources */,
				BB69ED2327C69ACB00C8AF7C /* Frameworks */,
				BB69ED2427C69ACB00C8AF7C /* Resources */,
				7CEE279BDDC8A3A245B44E31 /* [CP] Embed Pods Frameworks */,
			);
			buildRules = (
			);
			dependencies = (
			);
			name = HelloRxswift;
			productName = HelloRxswift;
			productReference = BB69ED2627C69ACB00C8AF7C /* HelloRxswift.app */;
			productType = "com.apple.product-type.application";
		};
/* End PBXNativeTarget section */

/* Begin PBXProject section */
		BB69ED1E27C69ACB00C8AF7C /* Project object */ = {
			isa = PBXProject;
			attributes = {
				BuildIndependentTargetsInParallel = 1;
				LastSwiftUpdateCheck = 1320;
				LastUpgradeCheck = 1320;
				TargetAttributes = {
					BB69ED2527C69ACB00C8AF7C = {
						CreatedOnToolsVersion = 13.2.1;
					};
				};
			};
			buildConfigurationList = BB69ED2127C69ACB00C8AF7C /* Build configuration list for PBXProject "HelloRxswift" */;
			compatibilityVersion = "Xcode 13.0";
			developmentRegion = en;
			hasScannedForEncodings = 0;
			knownRegions = (
				en,
				Base,
			);
			mainGroup = BB69ED1D27C69ACB00C8AF7C;
			productRefGroup = BB69ED2727C69ACB00C8AF7C /* Products */;
			projectDirPath = "";
			projectRoot = "";
			targets = (
				BB69ED2527C69ACB00C8AF7C /* HelloRxswift */,
			);
		};
/* End PBXProject section */

/* Begin PBXResourcesBuildPhase section */
		BB69ED2427C69ACB00C8AF7C /* Resources */ = {
			isa = PBXResourcesBuildPhase;
			buildActionMask = 2147483647;
			files = (
				BB69ED3627C69ACD00C8AF7C /* LaunchScreen.storyboard in Resources */,
				BB69ED3327C69ACD00C8AF7C /* Assets.xcassets in Resources */,
				BB69ED3127C69ACB00C8AF7C /* Main.storyboard in Resources */,
			);
			runOnlyForDeploymentPostprocessing = 0;
		};
/* End PBXResourcesBuildPhase section */

/* Begin PBXShellScriptBuildPhase section */
		7CEE279BDDC8A3A245B44E31 /* [CP] Embed Pods Frameworks */ = {
			isa = PBXShellScriptBuildPhase;
			buildActionMask = 2147483647;
			files = (
			);
			inputFileListPaths = (
				"${PODS_ROOT}/Target Support Files/Pods-HelloRxswift/Pods-HelloRxswift-frameworks-${CONFIGURATION}-input-files.xcfilelist",
			);
			name = "[CP] Embed Pods Frameworks";
			outputFileListPaths = (
				"${PODS_ROOT}/Target Support Files/Pods-HelloRxswift/Pods-HelloRxswift-frameworks-${CONFIGURATION}-output-files.xcfilelist",
			);
			runOnlyForDeploymentPostprocessing = 0;
			shellPath = /bin/sh;
			shellScript = "\"${PODS_ROOT}/Target Support Files/Pods-HelloRxswift/Pods-HelloRxswift-frameworks.sh\"\n";
			showEnvVarsInLog = 0;
		};
		7E357FF10C55D3D491DEFFC3 /* [CP] Check Pods Manifest.lock */ = {
			isa = PBXShellScriptBuildPhase;
			buildActionMask = 2147483647;
			files = (
			);
			inputFileListPaths = (
			);
			inputPaths = (
				"${PODS_PODFILE_DIR_PATH}/Podfile.lock",
				"${PODS_ROOT}/Manifest.lock",
			);
			name = "[CP] Check Pods Manifest.lock";
			outputFileListPaths = (
			);
			outputPaths = (
				"$(DERIVED_FILE_DIR)/Pods-HelloRxswift-checkManifestLockResult.txt",
			);
			runOnlyForDeploymentPostprocessing = 0;
			shellPath = /bin/sh;
			shellScript = "diff \"${PODS_PODFILE_DIR_PATH}/Podfile.lock\" \"${PODS_ROOT}/Manifest.lock\" > /dev/null\nif [ $? != 0 ] ; then\n    # print error to STDERR\n    echo \"error: The sandbox is not in sync with the Podfile.lock. Run 'pod install' or update your CocoaPods installation.\" >&2\n    exit 1\nfi\n# This output is used by Xcode 'outputs' to avoid re-running this script phase.\necho \"SUCCESS\" > \"${SCRIPT_OUTPUT_FILE_0}\"\n";
			showEnvVarsInLog = 0;
		};
/* End PBXShellScriptBuildPhase section */

/* Begin PBXSourcesBuildPhase section */
		BB69ED2227C69ACB00C8AF7C /* Sources */ = {
			isa = PBXSourcesBuildPhase;
			buildActionMask = 2147483647;
			files = (
				BB69ED2E27C69ACB00C8AF7C /* ViewController.swift in Sources */,
				BBC8AE0F27C6AC4600676A75 /* PhotoCollectionViewCell.swift in Sources */,
				BB20372827C69D2500084496 /* PhotosCollectionViewController.swift in Sources */,
				BBC8AE1127C6FFB100676A75 /* FilterService.swift in Sources */,
				BB69ED2A27C69ACB00C8AF7C /* AppDelegate.swift in Sources */,
				BB69ED2C27C69ACB00C8AF7C /* SceneDelegate.swift in Sources */,
			);
			runOnlyForDeploymentPostprocessing = 0;
		};
/* End PBXSourcesBuildPhase section */

/* Begin PBXVariantGroup section */
		BB69ED2F27C69ACB00C8AF7C /* Main.storyboard */ = {
			isa = PBXVariantGroup;
			children = (
				BB69ED3027C69ACB00C8AF7C /* Base */,
			);
			name = Main.storyboard;
			sourceTree = "<group>";
		};
		BB69ED3427C69ACD00C8AF7C /* LaunchScreen.storyboard */ = {
			isa = PBXVariantGroup;
			children = (
				BB69ED3527C69ACD00C8AF7C /* Base */,
			);
			name = LaunchScreen.storyboard;
			sourceTree = "<group>";
		};
/* End PBXVariantGroup section */

/* Begin XCBuildConfiguration section */
		BB69ED3827C69ACD00C8AF7C /* Debug */ = {
			isa = XCBuildConfiguration;
			buildSettings = {
				ALWAYS_SEARCH_USER_PATHS = NO;
				CLANG_ANALYZER_NONNULL = YES;
				CLANG_ANALYZER_NUMBER_OBJECT_CONVERSION = YES_AGGRESSIVE;
				CLANG_CXX_LANGUAGE_STANDARD = "gnu++17";
				CLANG_CXX_LIBRARY = "libc++";
				CLANG_ENABLE_MODULES = YES;
				CLANG_ENABLE_OBJC_ARC = YES;
				CLANG_ENABLE_OBJC_WEAK = YES;
				CLANG_WARN_BLOCK_CAPTURE_AUTORELEASING = YES;
				CLANG_WARN_BOOL_CONVERSION = YES;
				CLANG_WARN_COMMA = YES;
				CLANG_WARN_CONSTANT_CONVERSION = YES;
				CLANG_WARN_DEPRECATED_OBJC_IMPLEMENTATIONS = YES;
				CLANG_WARN_DIRECT_OBJC_ISA_USAGE = YES_ERROR;
				CLANG_WARN_DOCUMENTATION_COMMENTS = YES;
				CLANG_WARN_EMPTY_BODY = YES;
				CLANG_WARN_ENUM_CONVERSION = YES;
				CLANG_WARN_INFINITE_RECURSION = YES;
				CLANG_WARN_INT_CONVERSION = YES;
				CLANG_WARN_NON_LITERAL_NULL_CONVERSION = YES;
				CLANG_WARN_OBJC_IMPLICIT_RETAIN_SELF = YES;
				CLANG_WARN_OBJC_LITERAL_CONVERSION = YES;
				CLANG_WARN_OBJC_ROOT_CLASS = YES_ERROR;
				CLANG_WARN_QUOTED_INCLUDE_IN_FRAMEWORK_HEADER = YES;
				CLANG_WARN_RANGE_LOOP_ANALYSIS = YES;
				CLANG_WARN_STRICT_PROTOTYPES = YES;
				CLANG_WARN_SUSPICIOUS_MOVE = YES;
				CLANG_WARN_UNGUARDED_AVAILABILITY = YES_AGGRESSIVE;
				CLANG_WARN_UNREACHABLE_CODE = YES;
				CLANG_WARN__DUPLICATE_METHOD_MATCH = YES;
				COPY_PHASE_STRIP = NO;
				DEBUG_INFORMATION_FORMAT = dwarf;
				ENABLE_STRICT_OBJC_MSGSEND = YES;
				ENABLE_TESTABILITY = YES;
				GCC_C_LANGUAGE_STANDARD = gnu11;
				GCC_DYNAMIC_NO_PIC = NO;
				GCC_NO_COMMON_BLOCKS = YES;
				GCC_OPTIMIZATION_LEVEL = 0;
				GCC_PREPROCESSOR_DEFINITIONS = (
					"DEBUG=1",
					"$(inherited)",
				);
				GCC_WARN_64_TO_32_BIT_CONVERSION = YES;
				GCC_WARN_ABOUT_RETURN_TYPE = YES_ERROR;
				GCC_WARN_UNDECLARED_SELECTOR = YES;
				GCC_WARN_UNINITIALIZED_AUTOS = YES_AGGRESSIVE;
				GCC_WARN_UNUSED_FUNCTION = YES;
				GCC_WARN_UNUSED_VARIABLE = YES;
				IPHONEOS_DEPLOYMENT_TARGET = 15.2;
				MTL_ENABLE_DEBUG_INFO = INCLUDE_SOURCE;
				MTL_FAST_MATH = YES;
				ONLY_ACTIVE_ARCH = YES;
				SDKROOT = iphoneos;
				SWIFT_ACTIVE_COMPILATION_CONDITIONS = DEBUG;
				SWIFT_OPTIMIZATION_LEVEL = "-Onone";
			};
			name = Debug;
		};
		BB69ED3927C69ACD00C8AF7C /* Release */ = {
			isa = XCBuildConfiguration;
			buildSettings = {
				ALWAYS_SEARCH_USER_PATHS = NO;
				CLANG_ANALYZER_NONNULL = YES;
				CLANG_ANALYZER_NUMBER_OBJECT_CONVERSION = YES_AGGRESSIVE;
				CLANG_CXX_LANGUAGE_STANDARD = "gnu++17";
				CLANG_CXX_LIBRARY = "libc++";
				CLANG_ENABLE_MODULES = YES;
				CLANG_ENABLE_OBJC_ARC = YES;
				CLANG_ENABLE_OBJC_WEAK = YES;
				CLANG_WARN_BLOCK_CAPTURE_AUTORELEASING = YES;
				CLANG_WARN_BOOL_CONVERSION = YES;
				CLANG_WARN_COMMA = YES;
				CLANG_WARN_CONSTANT_CONVERSION = YES;
				CLANG_WARN_DEPRECATED_OBJC_IMPLEMENTATIONS = YES;
				CLANG_WARN_DIRECT_OBJC_ISA_USAGE = YES_ERROR;
				CLANG_WARN_DOCUMENTATION_COMMENTS = YES;
				CLANG_WARN_EMPTY_BODY = YES;
				CLANG_WARN_ENUM_CONVERSION = YES;
				CLANG_WARN_INFINITE_RECURSION = YES;
				CLANG_WARN_INT_CONVERSION = YES;
				CLANG_WARN_NON_LITERAL_NULL_CONVERSION = YES;
				CLANG_WARN_OBJC_IMPLICIT_RETAIN_SELF = YES;
				CLANG_WARN_OBJC_LITERAL_CONVERSION = YES;
				CLANG_WARN_OBJC_ROOT_CLASS = YES_ERROR;
				CLANG_WARN_QUOTED_INCLUDE_IN_FRAMEWORK_HEADER = YES;
				CLANG_WARN_RANGE_LOOP_ANALYSIS = YES;
				CLANG_WARN_STRICT_PROTOTYPES = YES;
				CLANG_WARN_SUSPICIOUS_MOVE = YES;
				CLANG_WARN_UNGUARDED_AVAILABILITY = YES_AGGRESSIVE;
				CLANG_WARN_UNREACHABLE_CODE = YES;
				CLANG_WARN__DUPLICATE_METHOD_MATCH = YES;
				COPY_PHASE_STRIP = NO;
				DEBUG_INFORMATION_FORMAT = "dwarf-with-dsym";
				ENABLE_NS_ASSERTIONS = NO;
				ENABLE_STRICT_OBJC_MSGSEND = YES;
				GCC_C_LANGUAGE_STANDARD = gnu11;
				GCC_NO_COMMON_BLOCKS = YES;
				GCC_WARN_64_TO_32_BIT_CONVERSION = YES;
				GCC_WARN_ABOUT_RETURN_TYPE = YES_ERROR;
				GCC_WARN_UNDECLARED_SELECTOR = YES;
				GCC_WARN_UNINITIALIZED_AUTOS = YES_AGGRESSIVE;
				GCC_WARN_UNUSED_FUNCTION = YES;
				GCC_WARN_UNUSED_VARIABLE = YES;
				IPHONEOS_DEPLOYMENT_TARGET = 15.2;
				MTL_ENABLE_DEBUG_INFO = NO;
				MTL_FAST_MATH = YES;
				SDKROOT = iphoneos;
				SWIFT_COMPILATION_MODE = wholemodule;
				SWIFT_OPTIMIZATION_LEVEL = "-O";
				VALIDATE_PRODUCT = YES;
			};
			name = Release;
		};
		BB69ED3B27C69ACD00C8AF7C /* Debug */ = {
			isa = XCBuildConfiguration;
			baseConfigurationReference = A443A1D00E9720CB0B2C4D80 /* Pods-HelloRxswift.debug.xcconfig */;
			buildSettings = {
				ASSETCATALOG_COMPILER_APPICON_NAME = AppIcon;
				ASSETCATALOG_COMPILER_GLOBAL_ACCENT_COLOR_NAME = AccentColor;
				CODE_SIGN_STYLE = Automatic;
				CURRENT_PROJECT_VERSION = 1;
				DEVELOPMENT_TEAM = 56EQ48SVZJ;
				GENERATE_INFOPLIST_FILE = YES;
				INFOPLIST_FILE = HelloRxswift/Info.plist;
				INFOPLIST_KEY_UIApplicationSupportsIndirectInputEvents = YES;
				INFOPLIST_KEY_UILaunchStoryboardName = LaunchScreen;
				INFOPLIST_KEY_UIMainStoryboardFile = Main;
				INFOPLIST_KEY_UISupportedInterfaceOrientations_iPad = "UIInterfaceOrientationPortrait UIInterfaceOrientationPortraitUpsideDown UIInterfaceOrientationLandscapeLeft UIInterfaceOrientationLandscapeRight";
				INFOPLIST_KEY_UISupportedInterfaceOrientations_iPhone = "UIInterfaceOrientationPortrait UIInterfaceOrientationLandscapeLeft UIInterfaceOrientationLandscapeRight";
				LD_RUNPATH_SEARCH_PATHS = (
					"$(inherited)",
					"@executable_path/Frameworks",
				);
				MARKETING_VERSION = 1.0;
				PRODUCT_BUNDLE_IDENTIFIER = hellorx.br.eti.manoelfilho.HelloRxswift;
				PRODUCT_NAME = "$(TARGET_NAME)";
				SWIFT_EMIT_LOC_STRINGS = YES;
				SWIFT_VERSION = 5.0;
				TARGETED_DEVICE_FAMILY = "1,2";
			};
			name = Debug;
		};
		BB69ED3C27C69ACD00C8AF7C /* Release */ = {
			isa = XCBuildConfiguration;
			baseConfigurationReference = 381281C7B5482DC61262535A /* Pods-HelloRxswift.release.xcconfig */;
			buildSettings = {
				ASSETCATALOG_COMPILER_APPICON_NAME = AppIcon;
				ASSETCATALOG_COMPILER_GLOBAL_ACCENT_COLOR_NAME = AccentColor;
				CODE_SIGN_STYLE = Automatic;
				CURRENT_PROJECT_VERSION = 1;
				DEVELOPMENT_TEAM = 56EQ48SVZJ;
				GENERATE_INFOPLIST_FILE = YES;
				INFOPLIST_FILE = HelloRxswift/Info.plist;
				INFOPLIST_KEY_UIApplicationSupportsIndirectInputEvents = YES;
				INFOPLIST_KEY_UILaunchStoryboardName = LaunchScreen;
				INFOPLIST_KEY_UIMainStoryboardFile = Main;
				INFOPLIST_KEY_UISupportedInterfaceOrientations_iPad = "UIInterfaceOrientationPortrait UIInterfaceOrientationPortraitUpsideDown UIInterfaceOrientationLandscapeLeft UIInterfaceOrientationLandscapeRight";
				INFOPLIST_KEY_UISupportedInterfaceOrientations_iPhone = "UIInterfaceOrientationPortrait UIInterfaceOrientationLandscapeLeft UIInterfaceOrientationLandscapeRight";
				LD_RUNPATH_SEARCH_PATHS = (
					"$(inherited)",
					"@executable_path/Frameworks",
				);
				MARKETING_VERSION = 1.0;
				PRODUCT_BUNDLE_IDENTIFIER = hellorx.br.eti.manoelfilho.HelloRxswift;
				PRODUCT_NAME = "$(TARGET_NAME)";
				SWIFT_EMIT_LOC_STRINGS = YES;
				SWIFT_VERSION = 5.0;
				TARGETED_DEVICE_FAMILY = "1,2";
			};
			name = Release;
		};
/* End XCBuildConfiguration section */

/* Begin XCConfigurationList section */
		BB69ED2127C69ACB00C8AF7C /* Build configuration list for PBXProject "HelloRxswift" */ = {
			isa = XCConfigurationList;
			buildConfigurations = (
				BB69ED3827C69ACD00C8AF7C /* Debug */,
				BB69ED3927C69ACD00C8AF7C /* Release */,
			);
			defaultConfigurationIsVisible = 0;
			defaultConfigurationName = Release;
		};
		BB69ED3A27C69ACD00C8AF7C /* Build configuration list for PBXNativeTarget "HelloRxswift" */ = {
			isa = XCConfigurationList;
			buildConfigurations = (
				BB69ED3B27C69ACD00C8AF7C /* Debug */,
				BB69ED3C27C69ACD00C8AF7C /* Release */,
			);
			defaultConfigurationIsVisible = 0;
			defaultConfigurationName = Release;
		};
/* End XCConfigurationList section */
	};
	rootObject = BB69ED1E27C69ACB00C8AF7C /* Project object */;
}
